
Microsoft Visual Studio Solution File, Format Version 12.00
# Visual Studio Version 17
VisualStudioVersion = 17.5.33530.505
MinimumVisualStudioVersion = 10.0.40219.1
Project("{FAE04EC0-301F-11D3-BF4B-00C04F79EFBC}") = "EventsAndDelegates", "EventsAndDelegates\EventsAndDelegates.csproj", "{BE60558A-61B1-4FA9-B581-B06A6241C9EE}"
EndProject
Global
	GlobalSection(SolutionConfigurationPlatforms) = preSolution
		Debug|Any CPU = Debug|Any CPU
		Release|Any CPU = Release|Any CPU
	EndGlobalSection
	GlobalSection(ProjectConfigurationPlatforms) = postSolution
		{BE60558A-61B1-4FA9-B581-B06A6241C9EE}.Debug|Any CPU.ActiveCfg = Debug|Any CPU
		{BE60558A-61B1-4FA9-B581-B06A6241C9EE}.Debug|Any CPU.Build.0 = Debug|Any CPU
		{BE60558A-61B1-4FA9-B581-B06A6241C9EE}.Release|Any CPU.ActiveCfg = Release|Any CPU
		{BE60558A-61B1-4FA9-B581-B06A6241C9EE}.Release|Any CPU.Build.0 = Release|Any CPU
	EndGlobalSection
	GlobalSection(SolutionProperties) = preSolution
		HideSolutionNode = FALSE
	EndGlobalSection
	GlobalSection(ExtensibilityGlobals) = postSolution
		SolutionGuid = {1307C37F-232B-42C5-8651-D00848A6F544}
	EndGlobalSection
EndGlobal
