
Microsoft Visual Studio Solution File, Format Version 12.00
# Visual Studio Version 17
VisualStudioVersion = 17.5.33530.505
MinimumVisualStudioVersion = 10.0.40219.1
Project("{9A19103F-16F7-4668-BE54-9A1E7A4F7556}") = "TimeTracking.App", "TimeTracking.App\TimeTracking.App.csproj", "{0BDCD5C5-81B4-4558-876A-343C7AE9CDAB}"
EndProject
Project("{9A19103F-16F7-4668-BE54-9A1E7A4F7556}") = "TimeTracking.Models", "TimeTracking.Models\TimeTracking.Models.csproj", "{8396793C-DC8D-4BD8-8DC3-A1296865FFC9}"
EndProject
Project("{FAE04EC0-301F-11D3-BF4B-00C04F79EFBC}") = "TimeTracking.Services", "TimeTracking.Services\TimeTracking.Services.csproj", "{AE18AB70-CFF1-4E37-8D10-26F8546ED166}"
EndProject
Global
	GlobalSection(SolutionConfigurationPlatforms) = preSolution
		Debug|Any CPU = Debug|Any CPU
		Release|Any CPU = Release|Any CPU
	EndGlobalSection
	GlobalSection(ProjectConfigurationPlatforms) = postSolution
		{0BDCD5C5-81B4-4558-876A-343C7AE9CDAB}.Debug|Any CPU.ActiveCfg = Debug|Any CPU
		{0BDCD5C5-81B4-4558-876A-343C7AE9CDAB}.Debug|Any CPU.Build.0 = Debug|Any CPU
		{0BDCD5C5-81B4-4558-876A-343C7AE9CDAB}.Release|Any CPU.ActiveCfg = Release|Any CPU
		{0BDCD5C5-81B4-4558-876A-343C7AE9CDAB}.Release|Any CPU.Build.0 = Release|Any CPU
		{8396793C-DC8D-4BD8-8DC3-A1296865FFC9}.Debug|Any CPU.ActiveCfg = Debug|Any CPU
		{8396793C-DC8D-4BD8-8DC3-A1296865FFC9}.Debug|Any CPU.Build.0 = Debug|Any CPU
		{8396793C-DC8D-4BD8-8DC3-A1296865FFC9}.Release|Any CPU.ActiveCfg = Release|Any CPU
		{8396793C-DC8D-4BD8-8DC3-A1296865FFC9}.Release|Any CPU.Build.0 = Release|Any CPU
		{AE18AB70-CFF1-4E37-8D10-26F8546ED166}.Debug|Any CPU.ActiveCfg = Debug|Any CPU
		{AE18AB70-CFF1-4E37-8D10-26F8546ED166}.Debug|Any CPU.Build.0 = Debug|Any CPU
		{AE18AB70-CFF1-4E37-8D10-26F8546ED166}.Release|Any CPU.ActiveCfg = Release|Any CPU
		{AE18AB70-CFF1-4E37-8D10-26F8546ED166}.Release|Any CPU.Build.0 = Release|Any CPU
	EndGlobalSection
	GlobalSection(SolutionProperties) = preSolution
		HideSolutionNode = FALSE
	EndGlobalSection
	GlobalSection(ExtensibilityGlobals) = postSolution
		SolutionGuid = {F903E617-152A-4CFA-8BAE-1B9B457E0BA9}
	EndGlobalSection
EndGlobal
