
Microsoft Visual Studio Solution File, Format Version 12.00
# Visual Studio Version 17
VisualStudioVersion = 17.5.33530.505
MinimumVisualStudioVersion = 10.0.40219.1
Project("{FAE04EC0-301F-11D3-BF4B-00C04F79EFBC}") = "Task_2", "Task_2\Task_2.csproj", "{AE8C6097-6A98-4F4B-AC2D-76B130E322A8}"
EndProject
Project("{FAE04EC0-301F-11D3-BF4B-00C04F79EFBC}") = "Models", "Models\Models.csproj", "{BA7232F4-0478-40BC-8571-AA545D981836}"
EndProject
Global
	GlobalSection(SolutionConfigurationPlatforms) = preSolution
		Debug|Any CPU = Debug|Any CPU
		Release|Any CPU = Release|Any CPU
	EndGlobalSection
	GlobalSection(ProjectConfigurationPlatforms) = postSolution
		{AE8C6097-6A98-4F4B-AC2D-76B130E322A8}.Debug|Any CPU.ActiveCfg = Debug|Any CPU
		{AE8C6097-6A98-4F4B-AC2D-76B130E322A8}.Debug|Any CPU.Build.0 = Debug|Any CPU
		{AE8C6097-6A98-4F4B-AC2D-76B130E322A8}.Release|Any CPU.ActiveCfg = Release|Any CPU
		{AE8C6097-6A98-4F4B-AC2D-76B130E322A8}.Release|Any CPU.Build.0 = Release|Any CPU
		{BA7232F4-0478-40BC-8571-AA545D981836}.Debug|Any CPU.ActiveCfg = Debug|Any CPU
		{BA7232F4-0478-40BC-8571-AA545D981836}.Debug|Any CPU.Build.0 = Debug|Any CPU
		{BA7232F4-0478-40BC-8571-AA545D981836}.Release|Any CPU.ActiveCfg = Release|Any CPU
		{BA7232F4-0478-40BC-8571-AA545D981836}.Release|Any CPU.Build.0 = Release|Any CPU
	EndGlobalSection
	GlobalSection(SolutionProperties) = preSolution
		HideSolutionNode = FALSE
	EndGlobalSection
	GlobalSection(ExtensibilityGlobals) = postSolution
		SolutionGuid = {2A2EFF9A-C67A-41E6-8C0F-C3C2283B50B5}
	EndGlobalSection
EndGlobal
