
Microsoft Visual Studio Solution File, Format Version 12.00
# Visual Studio Version 17
VisualStudioVersion = 17.5.33530.505
MinimumVisualStudioVersion = 10.0.40219.1
Project("{FAE04EC0-301F-11D3-BF4B-00C04F79EFBC}") = "Homework_3", "Homework_3\Homework_3.csproj", "{21A223C4-EBFD-4059-8F4E-7DAB95F1EC87}"
EndProject
Project("{FAE04EC0-301F-11D3-BF4B-00C04F79EFBC}") = "Models", "Models\Models.csproj", "{F5EA1E05-0E58-4D38-B4F7-1C1EBE274A32}"
EndProject
Global
	GlobalSection(SolutionConfigurationPlatforms) = preSolution
		Debug|Any CPU = Debug|Any CPU
		Release|Any CPU = Release|Any CPU
	EndGlobalSection
	GlobalSection(ProjectConfigurationPlatforms) = postSolution
		{21A223C4-EBFD-4059-8F4E-7DAB95F1EC87}.Debug|Any CPU.ActiveCfg = Debug|Any CPU
		{21A223C4-EBFD-4059-8F4E-7DAB95F1EC87}.Debug|Any CPU.Build.0 = Debug|Any CPU
		{21A223C4-EBFD-4059-8F4E-7DAB95F1EC87}.Release|Any CPU.ActiveCfg = Release|Any CPU
		{21A223C4-EBFD-4059-8F4E-7DAB95F1EC87}.Release|Any CPU.Build.0 = Release|Any CPU
		{F5EA1E05-0E58-4D38-B4F7-1C1EBE274A32}.Debug|Any CPU.ActiveCfg = Debug|Any CPU
		{F5EA1E05-0E58-4D38-B4F7-1C1EBE274A32}.Debug|Any CPU.Build.0 = Debug|Any CPU
		{F5EA1E05-0E58-4D38-B4F7-1C1EBE274A32}.Release|Any CPU.ActiveCfg = Release|Any CPU
		{F5EA1E05-0E58-4D38-B4F7-1C1EBE274A32}.Release|Any CPU.Build.0 = Release|Any CPU
	EndGlobalSection
	GlobalSection(SolutionProperties) = preSolution
		HideSolutionNode = FALSE
	EndGlobalSection
	GlobalSection(ExtensibilityGlobals) = postSolution
		SolutionGuid = {477FE0AC-D76D-4064-9A7E-7A5C8647D3BB}
	EndGlobalSection
EndGlobal
