
Microsoft Visual Studio Solution File, Format Version 12.00
# Visual Studio Version 17
VisualStudioVersion = 17.5.33530.505
MinimumVisualStudioVersion = 10.0.40219.1
Project("{9A19103F-16F7-4668-BE54-9A1E7A4F7556}") = "Task_1", "Task_1\Task_1.csproj", "{378EA62E-D73C-441F-BF05-152C18CC42A5}"
EndProject
Project("{FAE04EC0-301F-11D3-BF4B-00C04F79EFBC}") = "Models", "Models\Models.csproj", "{009D411F-4AC8-4857-8939-C8B5D95A2435}"
EndProject
Global
	GlobalSection(SolutionConfigurationPlatforms) = preSolution
		Debug|Any CPU = Debug|Any CPU
		Release|Any CPU = Release|Any CPU
	EndGlobalSection
	GlobalSection(ProjectConfigurationPlatforms) = postSolution
		{378EA62E-D73C-441F-BF05-152C18CC42A5}.Debug|Any CPU.ActiveCfg = Debug|Any CPU
		{378EA62E-D73C-441F-BF05-152C18CC42A5}.Debug|Any CPU.Build.0 = Debug|Any CPU
		{378EA62E-D73C-441F-BF05-152C18CC42A5}.Release|Any CPU.ActiveCfg = Release|Any CPU
		{378EA62E-D73C-441F-BF05-152C18CC42A5}.Release|Any CPU.Build.0 = Release|Any CPU
		{009D411F-4AC8-4857-8939-C8B5D95A2435}.Debug|Any CPU.ActiveCfg = Debug|Any CPU
		{009D411F-4AC8-4857-8939-C8B5D95A2435}.Debug|Any CPU.Build.0 = Debug|Any CPU
		{009D411F-4AC8-4857-8939-C8B5D95A2435}.Release|Any CPU.ActiveCfg = Release|Any CPU
		{009D411F-4AC8-4857-8939-C8B5D95A2435}.Release|Any CPU.Build.0 = Release|Any CPU
	EndGlobalSection
	GlobalSection(SolutionProperties) = preSolution
		HideSolutionNode = FALSE
	EndGlobalSection
	GlobalSection(ExtensibilityGlobals) = postSolution
		SolutionGuid = {4432DEAD-913F-486E-BBF6-1AD06C46138A}
	EndGlobalSection
EndGlobal
